{
  "name": "nodejs",
  "version": "1.0.0",
  "lockfileVersion": 2,
  "requires": true,
  "packages": {
    "": {
      "name": "nodejs",
      "version": "1.0.0",
      "license": "ISC",
      "dependencies": {
        "crypto-random": "^2.0.1"
      }
    },
    "node_modules/crypto-random": {
      "version": "2.0.1",
      "resolved": "https://registry.npmjs.org/crypto-random/-/crypto-random-2.0.1.tgz",
      "integrity": "sha512-MTag9YM+VySFM+eEitCBQy6aCBxlhIeFnQZAm6e6Rnfnn3dEXG2G0xbPyV/YQI0MmW1AgG0JfG/urp7nwbyDEg==",
      "engines": {
        "node": ">=14.0.0"
      }
    }
  },
  "dependencies": {
    "crypto-random": {
      "version": "2.0.1",
      "resolved": "https://registry.npmjs.org/crypto-random/-/crypto-random-2.0.1.tgz",
      "integrity": "sha512-MTag9YM+VySFM+eEitCBQy6aCBxlhIeFnQZAm6e6Rnfnn3dEXG2G0xbPyV/YQI0MmW1AgG0JfG/urp7nwbyDEg=="
    }
  }
}
